// !$*UTF8*$!
{
	archiveVersion = 1;
	classes = {
	};
	objectVersion = 56;
	objects = {

/* Begin PBXBuildFile section */
		6E13C03E2A56C9BE0036AEF0 /* categoryNameView.swift in Sources */ = {isa = PBXBuildFile; fileRef = 6E13C03D2A56C9BE0036AEF0 /* categoryNameView.swift */; };
		6E13C0402A5771A50036AEF0 /* itemOrderView.swift in Sources */ = {isa = PBXBuildFile; fileRef = 6E13C03F2A5771A50036AEF0 /* itemOrderView.swift */; };
		6E5AB1442A498C1C00E6885E /* Colors.swift in Sources */ = {isa = PBXBuildFile; fileRef = 6E5AB1432A498C1C00E6885E /* Colors.swift */; };
		6E6A48872A582CDF00F08B26 /* SplashScreenView.swift in Sources */ = {isa = PBXBuildFile; fileRef = 6E6A48862A582CDF00F08B26 /* SplashScreenView.swift */; };
		6EA6551A2A49C47E00809F63 /* BrandonGrotesqueRegular.ttf in Resources */ = {isa = PBXBuildFile; fileRef = 6EA655182A49C47E00809F63 /* BrandonGrotesqueRegular.ttf */; };
		6EA6551B2A49C47E00809F63 /* BrandonGrotesqueMedium.ttf in Resources */ = {isa = PBXBuildFile; fileRef = 6EA655192A49C47E00809F63 /* BrandonGrotesqueMedium.ttf */; };
		6EA655202A49DA6A00809F63 /* nameCheck.swift in Sources */ = {isa = PBXBuildFile; fileRef = 6EA6551F2A49DA6A00809F63 /* nameCheck.swift */; };
		6EA655242A4C675100809F63 /* basketView.swift in Sources */ = {isa = PBXBuildFile; fileRef = 6EA655232A4C675100809F63 /* basketView.swift */; };
		6EF8FB4A2A48D944007EA856 /* myStoreApp.swift in Sources */ = {isa = PBXBuildFile; fileRef = 6EF8FB492A48D944007EA856 /* myStoreApp.swift */; };
		6EF8FB4C2A48D944007EA856 /* ContentView.swift in Sources */ = {isa = PBXBuildFile; fileRef = 6EF8FB4B2A48D944007EA856 /* ContentView.swift */; };
		6EF8FB4E2A48D945007EA856 /* Assets.xcassets in Resources */ = {isa = PBXBuildFile; fileRef = 6EF8FB4D2A48D945007EA856 /* Assets.xcassets */; };
		6EF8FB512A48D945007EA856 /* Preview Assets.xcassets in Resources */ = {isa = PBXBuildFile; fileRef = 6EF8FB502A48D945007EA856 /* Preview Assets.xcassets */; };
/* End PBXBuildFile section */

/* Begin PBXFileReference section */
		6E13C03D2A56C9BE0036AEF0 /* categoryNameView.swift */ = {isa = PBXFileReference; lastKnownFileType = sourcecode.swift; path = categoryNameView.swift; sourceTree = "<group>"; };
		6E13C03F2A5771A50036AEF0 /* itemOrderView.swift */ = {isa = PBXFileReference; lastKnownFileType = sourcecode.swift; path = itemOrderView.swift; sourceTree = "<group>"; };
		6E5AB1432A498C1C00E6885E /* Colors.swift */ = {isa = PBXFileReference; lastKnownFileType = sourcecode.swift; path = Colors.swift; sourceTree = "<group>"; };
		6E6A48862A582CDF00F08B26 /* SplashScreenView.swift */ = {isa = PBXFileReference; lastKnownFileType = sourcecode.swift; path = SplashScreenView.swift; sourceTree = "<group>"; };
		6EA655182A49C47E00809F63 /* BrandonGrotesqueRegular.ttf */ = {isa = PBXFileReference; lastKnownFileType = file; path = BrandonGrotesqueRegular.ttf; sourceTree = "<group>"; };
		6EA655192A49C47E00809F63 /* BrandonGrotesqueMedium.ttf */ = {isa = PBXFileReference; lastKnownFileType = file; path = BrandonGrotesqueMedium.ttf; sourceTree = "<group>"; };
		6EA6551C2A49CD6000809F63 /* Info.plist */ = {isa = PBXFileReference; lastKnownFileType = text.plist; path = Info.plist; sourceTree = "<group>"; };
		6EA6551F2A49DA6A00809F63 /* nameCheck.swift */ = {isa = PBXFileReference; lastKnownFileType = sourcecode.swift; path = nameCheck.swift; sourceTree = "<group>"; };
		6EA655232A4C675100809F63 /* basketView.swift */ = {isa = PBXFileReference; lastKnownFileType = sourcecode.swift; path = basketView.swift; sourceTree = "<group>"; };
		6EF8FB462A48D944007EA856 /* myStore.app */ = {isa = PBXFileReference; explicitFileType = wrapper.application; includeInIndex = 0; path = myStore.app; sourceTree = BUILT_PRODUCTS_DIR; };
		6EF8FB492A48D944007EA856 /* myStoreApp.swift */ = {isa = PBXFileReference; lastKnownFileType = sourcecode.swift; path = myStoreApp.swift; sourceTree = "<group>"; };
		6EF8FB4B2A48D944007EA856 /* ContentView.swift */ = {isa = PBXFileReference; lastKnownFileType = sourcecode.swift; path = ContentView.swift; sourceTree = "<group>"; };
		6EF8FB4D2A48D945007EA856 /* Assets.xcassets */ = {isa = PBXFileReference; lastKnownFileType = folder.assetcatalog; path = Assets.xcassets; sourceTree = "<group>"; };
		6EF8FB502A48D945007EA856 /* Preview Assets.xcassets */ = {isa = PBXFileReference; lastKnownFileType = folder.assetcatalog; path = "Preview Assets.xcassets"; sourceTree = "<group>"; };
/* End PBXFileReference section */

/* Begin PBXFrameworksBuildPhase section */
		6EF8FB432A48D944007EA856 /* Frameworks */ = {
			isa = PBXFrameworksBuildPhase;
			buildActionMask = 2147483647;
			files = (
			);
			runOnlyForDeploymentPostprocessing = 0;
		};
/* End PBXFrameworksBuildPhase section */

/* Begin PBXGroup section */
		6EA655172A49C46400809F63 /* font */ = {
			isa = PBXGroup;
			children = (
				6EA655192A49C47E00809F63 /* BrandonGrotesqueMedium.ttf */,
				6EA655182A49C47E00809F63 /* BrandonGrotesqueRegular.ttf */,
			);
			path = font;
			sourceTree = "<group>";
		};
		6EF8FB3D2A48D944007EA856 = {
			isa = PBXGroup;
			children = (
				6EF8FB482A48D944007EA856 /* myStore */,
				6EF8FB472A48D944007EA856 /* Products */,
			);
			sourceTree = "<group>";
		};
		6EF8FB472A48D944007EA856 /* Products */ = {
			isa = PBXGroup;
			children = (
				6EF8FB462A48D944007EA856 /* myStore.app */,
			);
			name = Products;
			sourceTree = "<group>";
		};
		6EF8FB482A48D944007EA856 /* myStore */ = {
			isa = PBXGroup;
			children = (
				6EA6551C2A49CD6000809F63 /* Info.plist */,
				6E5AB1432A498C1C00E6885E /* Colors.swift */,
				6E6A48862A582CDF00F08B26 /* SplashScreenView.swift */,
				6EF8FB492A48D944007EA856 /* myStoreApp.swift */,
				6EF8FB4B2A48D944007EA856 /* ContentView.swift */,
				6EA6551F2A49DA6A00809F63 /* nameCheck.swift */,
				6EA655232A4C675100809F63 /* basketView.swift */,
				6E13C03D2A56C9BE0036AEF0 /* categoryNameView.swift */,
				6E13C03F2A5771A50036AEF0 /* itemOrderView.swift */,
				6EA655172A49C46400809F63 /* font */,
				6EF8FB4D2A48D945007EA856 /* Assets.xcassets */,
				6EF8FB4F2A48D945007EA856 /* Preview Content */,
			);
			path = myStore;
			sourceTree = "<group>";
		};
		6EF8FB4F2A48D945007EA856 /* Preview Content */ = {
			isa = PBXGroup;
			children = (
				6EF8FB502A48D945007EA856 /* Preview Assets.xcassets */,
			);
			path = "Preview Content";
			sourceTree = "<group>";
		};
/* End PBXGroup section */

/* Begin PBXNativeTarget section */
		6EF8FB452A48D944007EA856 /* myStore */ = {
			isa = PBXNativeTarget;
			buildConfigurationList = 6EF8FB542A48D945007EA856 /* Build configuration list for PBXNativeTarget "myStore" */;
			buildPhases = (
				6EF8FB422A48D944007EA856 /* Sources */,
				6EF8FB432A48D944007EA856 /* Frameworks */,
				6EF8FB442A48D944007EA856 /* Resources */,
			);
			buildRules = (
			);
			dependencies = (
			);
			name = myStore;
			productName = myStore;
			productReference = 6EF8FB462A48D944007EA856 /* myStore.app */;
			productType = "com.apple.product-type.application";
		};
/* End PBXNativeTarget section */

/* Begin PBXProject section */
		6EF8FB3E2A48D944007EA856 /* Project object */ = {
			isa = PBXProject;
			attributes = {
				BuildIndependentTargetsInParallel = 1;
				LastSwiftUpdateCheck = 1430;
				LastUpgradeCheck = 1430;
				TargetAttributes = {
					6EF8FB452A48D944007EA856 = {
						CreatedOnToolsVersion = 14.3.1;
					};
				};
			};
			buildConfigurationList = 6EF8FB412A48D944007EA856 /* Build configuration list for PBXProject "myStore" */;
			compatibilityVersion = "Xcode 14.0";
			developmentRegion = en;
			hasScannedForEncodings = 0;
			knownRegions = (
				en,
				Base,
			);
			mainGroup = 6EF8FB3D2A48D944007EA856;
			productRefGroup = 6EF8FB472A48D944007EA856 /* Products */;
			projectDirPath = "";
			projectRoot = "";
			targets = (
				6EF8FB452A48D944007EA856 /* myStore */,
			);
		};
/* End PBXProject section */

/* Begin PBXResourcesBuildPhase section */
		6EF8FB442A48D944007EA856 /* Resources */ = {
			isa = PBXResourcesBuildPhase;
			buildActionMask = 2147483647;
			files = (
				6EA6551B2A49C47E00809F63 /* BrandonGrotesqueMedium.ttf in Resources */,
				6EA6551A2A49C47E00809F63 /* BrandonGrotesqueRegular.ttf in Resources */,
				6EF8FB512A48D945007EA856 /* Preview Assets.xcassets in Resources */,
				6EF8FB4E2A48D945007EA856 /* Assets.xcassets in Resources */,
			);
			runOnlyForDeploymentPostprocessing = 0;
		};
/* End PBXResourcesBuildPhase section */

/* Begin PBXSourcesBuildPhase section */
		6EF8FB422A48D944007EA856 /* Sources */ = {
			isa = PBXSourcesBuildPhase;
			buildActionMask = 2147483647;
			files = (
				6EF8FB4C2A48D944007EA856 /* ContentView.swift in Sources */,
				6EA655202A49DA6A00809F63 /* nameCheck.swift in Sources */,
				6EA655242A4C675100809F63 /* basketView.swift in Sources */,
				6E5AB1442A498C1C00E6885E /* Colors.swift in Sources */,
				6EF8FB4A2A48D944007EA856 /* myStoreApp.swift in Sources */,
				6E13C03E2A56C9BE0036AEF0 /* categoryNameView.swift in Sources */,
				6E13C0402A5771A50036AEF0 /* itemOrderView.swift in Sources */,
				6E6A48872A582CDF00F08B26 /* SplashScreenView.swift in Sources */,
			);
			runOnlyForDeploymentPostprocessing = 0;
		};
/* End PBXSourcesBuildPhase section */

/* Begin XCBuildConfiguration section */
		6EF8FB522A48D945007EA856 /* Debug */ = {
			isa = XCBuildConfiguration;
			buildSettings = {
				ALWAYS_SEARCH_USER_PATHS = NO;
				CLANG_ANALYZER_NONNULL = YES;
				CLANG_ANALYZER_NUMBER_OBJECT_CONVERSION = YES_AGGRESSIVE;
				CLANG_CXX_LANGUAGE_STANDARD = "gnu++20";
				CLANG_ENABLE_MODULES = YES;
				CLANG_ENABLE_OBJC_ARC = YES;
				CLANG_ENABLE_OBJC_WEAK = YES;
				CLANG_WARN_BLOCK_CAPTURE_AUTORELEASING = YES;
				CLANG_WARN_BOOL_CONVERSION = YES;
				CLANG_WARN_COMMA = YES;
				CLANG_WARN_CONSTANT_CONVERSION = YES;
				CLANG_WARN_DEPRECATED_OBJC_IMPLEMENTATIONS = YES;
				CLANG_WARN_DIRECT_OBJC_ISA_USAGE = YES_ERROR;
				CLANG_WARN_DOCUMENTATION_COMMENTS = YES;
				CLANG_WARN_EMPTY_BODY = YES;
				CLANG_WARN_ENUM_CONVERSION = YES;
				CLANG_WARN_INFINITE_RECURSION = YES;
				CLANG_WARN_INT_CONVERSION = YES;
				CLANG_WARN_NON_LITERAL_NULL_CONVERSION = YES;
				CLANG_WARN_OBJC_IMPLICIT_RETAIN_SELF = YES;
				CLANG_WARN_OBJC_LITERAL_CONVERSION = YES;
				CLANG_WARN_OBJC_ROOT_CLASS = YES_ERROR;
				CLANG_WARN_QUOTED_INCLUDE_IN_FRAMEWORK_HEADER = YES;
				CLANG_WARN_RANGE_LOOP_ANALYSIS = YES;
				CLANG_WARN_STRICT_PROTOTYPES = YES;
				CLANG_WARN_SUSPICIOUS_MOVE = YES;
				CLANG_WARN_UNGUARDED_AVAILABILITY = YES_AGGRESSIVE;
				CLANG_WARN_UNREACHABLE_CODE = YES;
				CLANG_WARN__DUPLICATE_METHOD_MATCH = YES;
				COPY_PHASE_STRIP = NO;
				DEBUG_INFORMATION_FORMAT = dwarf;
				ENABLE_STRICT_OBJC_MSGSEND = YES;
				ENABLE_TESTABILITY = YES;
				GCC_C_LANGUAGE_STANDARD = gnu11;
				GCC_DYNAMIC_NO_PIC = NO;
				GCC_NO_COMMON_BLOCKS = YES;
				GCC_OPTIMIZATION_LEVEL = 0;
				GCC_PREPROCESSOR_DEFINITIONS = (
					"DEBUG=1",
					"$(inherited)",
				);
				GCC_WARN_64_TO_32_BIT_CONVERSION = YES;
				GCC_WARN_ABOUT_RETURN_TYPE = YES_ERROR;
				GCC_WARN_UNDECLARED_SELECTOR = YES;
				GCC_WARN_UNINITIALIZED_AUTOS = YES_AGGRESSIVE;
				GCC_WARN_UNUSED_FUNCTION = YES;
				GCC_WARN_UNUSED_VARIABLE = YES;
				IPHONEOS_DEPLOYMENT_TARGET = 16.4;
				MTL_ENABLE_DEBUG_INFO = INCLUDE_SOURCE;
				MTL_FAST_MATH = YES;
				ONLY_ACTIVE_ARCH = YES;
				SDKROOT = iphoneos;
				SWIFT_ACTIVE_COMPILATION_CONDITIONS = DEBUG;
				SWIFT_OPTIMIZATION_LEVEL = "-Onone";
			};
			name = Debug;
		};
		6EF8FB532A48D945007EA856 /* Release */ = {
			isa = XCBuildConfiguration;
			buildSettings = {
				ALWAYS_SEARCH_USER_PATHS = NO;
				CLANG_ANALYZER_NONNULL = YES;
				CLANG_ANALYZER_NUMBER_OBJECT_CONVERSION = YES_AGGRESSIVE;
				CLANG_CXX_LANGUAGE_STANDARD = "gnu++20";
				CLANG_ENABLE_MODULES = YES;
				CLANG_ENABLE_OBJC_ARC = YES;
				CLANG_ENABLE_OBJC_WEAK = YES;
				CLANG_WARN_BLOCK_CAPTURE_AUTORELEASING = YES;
				CLANG_WARN_BOOL_CONVERSION = YES;
				CLANG_WARN_COMMA = YES;
				CLANG_WARN_CONSTANT_CONVERSION = YES;
				CLANG_WARN_DEPRECATED_OBJC_IMPLEMENTATIONS = YES;
				CLANG_WARN_DIRECT_OBJC_ISA_USAGE = YES_ERROR;
				CLANG_WARN_DOCUMENTATION_COMMENTS = YES;
				CLANG_WARN_EMPTY_BODY = YES;
				CLANG_WARN_ENUM_CONVERSION = YES;
				CLANG_WARN_INFINITE_RECURSION = YES;
				CLANG_WARN_INT_CONVERSION = YES;
				CLANG_WARN_NON_LITERAL_NULL_CONVERSION = YES;
				CLANG_WARN_OBJC_IMPLICIT_RETAIN_SELF = YES;
				CLANG_WARN_OBJC_LITERAL_CONVERSION = YES;
				CLANG_WARN_OBJC_ROOT_CLASS = YES_ERROR;
				CLANG_WARN_QUOTED_INCLUDE_IN_FRAMEWORK_HEADER = YES;
				CLANG_WARN_RANGE_LOOP_ANALYSIS = YES;
				CLANG_WARN_STRICT_PROTOTYPES = YES;
				CLANG_WARN_SUSPICIOUS_MOVE = YES;
				CLANG_WARN_UNGUARDED_AVAILABILITY = YES_AGGRESSIVE;
				CLANG_WARN_UNREACHABLE_CODE = YES;
				CLANG_WARN__DUPLICATE_METHOD_MATCH = YES;
				COPY_PHASE_STRIP = NO;
				DEBUG_INFORMATION_FORMAT = "dwarf-with-dsym";
				ENABLE_NS_ASSERTIONS = NO;
				ENABLE_STRICT_OBJC_MSGSEND = YES;
				GCC_C_LANGUAGE_STANDARD = gnu11;
				GCC_NO_COMMON_BLOCKS = YES;
				GCC_WARN_64_TO_32_BIT_CONVERSION = YES;
				GCC_WARN_ABOUT_RETURN_TYPE = YES_ERROR;
				GCC_WARN_UNDECLARED_SELECTOR = YES;
				GCC_WARN_UNINITIALIZED_AUTOS = YES_AGGRESSIVE;
				GCC_WARN_UNUSED_FUNCTION = YES;
				GCC_WARN_UNUSED_VARIABLE = YES;
				IPHONEOS_DEPLOYMENT_TARGET = 16.4;
				MTL_ENABLE_DEBUG_INFO = NO;
				MTL_FAST_MATH = YES;
				SDKROOT = iphoneos;
				SWIFT_COMPILATION_MODE = wholemodule;
				SWIFT_OPTIMIZATION_LEVEL = "-O";
				VALIDATE_PRODUCT = YES;
			};
			name = Release;
		};
		6EF8FB552A48D945007EA856 /* Debug */ = {
			isa = XCBuildConfiguration;
			buildSettings = {
				ASSETCATALOG_COMPILER_APPICON_NAME = AppIcon;
				ASSETCATALOG_COMPILER_GLOBAL_ACCENT_COLOR_NAME = AccentColor;
				CODE_SIGN_STYLE = Automatic;
				CURRENT_PROJECT_VERSION = 1;
				DEVELOPMENT_ASSET_PATHS = "\"myStore/Preview Content\"";
				ENABLE_PREVIEWS = YES;
				GENERATE_INFOPLIST_FILE = YES;
				INFOPLIST_FILE = myStore/Info.plist;
				INFOPLIST_KEY_UIApplicationSceneManifest_Generation = YES;
				INFOPLIST_KEY_UIApplicationSupportsIndirectInputEvents = YES;
				INFOPLIST_KEY_UILaunchScreen_Generation = YES;
				INFOPLIST_KEY_UISupportedInterfaceOrientations_iPad = "UIInterfaceOrientationPortrait UIInterfaceOrientationPortraitUpsideDown UIInterfaceOrientationLandscapeLeft UIInterfaceOrientationLandscapeRight";
				INFOPLIST_KEY_UISupportedInterfaceOrientations_iPhone = "UIInterfaceOrientationPortrait UIInterfaceOrientationLandscapeLeft UIInterfaceOrientationLandscapeRight";
				LD_RUNPATH_SEARCH_PATHS = (
					"$(inherited)",
					"@executable_path/Frameworks",
				);
				MARKETING_VERSION = 1.0;
				PRODUCT_BUNDLE_IDENTIFIER = BkB.myStore;
				PRODUCT_NAME = "$(TARGET_NAME)";
				SWIFT_EMIT_LOC_STRINGS = YES;
				SWIFT_VERSION = 5.0;
				TARGETED_DEVICE_FAMILY = "1,2";
			};
			name = Debug;
		};
		6EF8FB562A48D945007EA856 /* Release */ = {
			isa = XCBuildConfiguration;
			buildSettings = {
				ASSETCATALOG_COMPILER_APPICON_NAME = AppIcon;
				ASSETCATALOG_COMPILER_GLOBAL_ACCENT_COLOR_NAME = AccentColor;
				CODE_SIGN_STYLE = Automatic;
				CURRENT_PROJECT_VERSION = 1;
				DEVELOPMENT_ASSET_PATHS = "\"myStore/Preview Content\"";
				ENABLE_PREVIEWS = YES;
				GENERATE_INFOPLIST_FILE = YES;
				INFOPLIST_FILE = myStore/Info.plist;
				INFOPLIST_KEY_UIApplicationSceneManifest_Generation = YES;
				INFOPLIST_KEY_UIApplicationSupportsIndirectInputEvents = YES;
				INFOPLIST_KEY_UILaunchScreen_Generation = YES;
				INFOPLIST_KEY_UISupportedInterfaceOrientations_iPad = "UIInterfaceOrientationPortrait UIInterfaceOrientationPortraitUpsideDown UIInterfaceOrientationLandscapeLeft UIInterfaceOrientationLandscapeRight";
				INFOPLIST_KEY_UISupportedInterfaceOrientations_iPhone = "UIInterfaceOrientationPortrait UIInterfaceOrientationLandscapeLeft UIInterfaceOrientationLandscapeRight";
				LD_RUNPATH_SEARCH_PATHS = (
					"$(inherited)",
					"@executable_path/Frameworks",
				);
				MARKETING_VERSION = 1.0;
				PRODUCT_BUNDLE_IDENTIFIER = BkB.myStore;
				PRODUCT_NAME = "$(TARGET_NAME)";
				SWIFT_EMIT_LOC_STRINGS = YES;
				SWIFT_VERSION = 5.0;
				TARGETED_DEVICE_FAMILY = "1,2";
			};
			name = Release;
		};
/* End XCBuildConfiguration section */

/* Begin XCConfigurationList section */
		6EF8FB412A48D944007EA856 /* Build configuration list for PBXProject "myStore" */ = {
			isa = XCConfigurationList;
			buildConfigurations = (
				6EF8FB522A48D945007EA856 /* Debug */,
				6EF8FB532A48D945007EA856 /* Release */,
			);
			defaultConfigurationIsVisible = 0;
			defaultConfigurationName = Release;
		};
		6EF8FB542A48D945007EA856 /* Build configuration list for PBXNativeTarget "myStore" */ = {
			isa = XCConfigurationList;
			buildConfigurations = (
				6EF8FB552A48D945007EA856 /* Debug */,
				6EF8FB562A48D945007EA856 /* Release */,
			);
			defaultConfigurationIsVisible = 0;
			defaultConfigurationName = Release;
		};
/* End XCConfigurationList section */
	};
	rootObject = 6EF8FB3E2A48D944007EA856 /* Project object */;
}
